{
  "name": "kagd.github.io",
  "version": "1.0.0",
  "lockfileVersion": 2,
  "requires": true,
  "packages": {
    "": {
      "name": "kagd.github.io",
      "version": "1.0.0",
      "license": "ISC",
      "devDependencies": {
        "@tsconfig/esm": "^1.0.2"
      }
    },
    "node_modules/@tsconfig/esm": {
      "version": "1.0.2",
      "resolved": "https://registry.npmjs.org/@tsconfig/esm/-/esm-1.0.2.tgz",
      "integrity": "sha512-awiISx+G4L+7k97nKnfA5QF6rukawiuycMPfASFHG/0fqjrUlYBuNISy3Yjl1SHIpVi57lYf7dc6L/FoQQCKcA==",
      "dev": true
    }
  },
  "dependencies": {
    "@tsconfig/esm": {
      "version": "1.0.2",
      "resolved": "https://registry.npmjs.org/@tsconfig/esm/-/esm-1.0.2.tgz",
      "integrity": "sha512-awiISx+G4L+7k97nKnfA5QF6rukawiuycMPfASFHG/0fqjrUlYBuNISy3Yjl1SHIpVi57lYf7dc6L/FoQQCKcA==",
      "dev": true
    }
  }
}
